// !$*UTF8*$!
{
	archiveVersion = 1;
	classes = {
	};
	objectVersion = 51;
	objects = {

/* Begin PBXBuildFile section */
		462C398625DCB4F5004C9AC4 /* ResetPasswordController.swift in Sources */ = {isa = PBXBuildFile; fileRef = 462C398525DCB4F5004C9AC4 /* ResetPasswordController.swift */; };
		466B918625DD321600B58CCA /* GoogleService-Info.plist in Resources */ = {isa = PBXBuildFile; fileRef = 466B918525DD321600B58CCA /* GoogleService-Info.plist */; };
		4671D32C25C8EF8400DE28CF /* FeedController.swift in Sources */ = {isa = PBXBuildFile; fileRef = 4671D32B25C8EF8400DE28CF /* FeedController.swift */; };
		4671D32F25C8EF9400DE28CF /* SearchController.swift in Sources */ = {isa = PBXBuildFile; fileRef = 4671D32E25C8EF9400DE28CF /* SearchController.swift */; };
		4671D33225C8EFA700DE28CF /* ImageSelectorController.swift in Sources */ = {isa = PBXBuildFile; fileRef = 4671D33125C8EFA700DE28CF /* ImageSelectorController.swift */; };
		4671D33525C8EFBA00DE28CF /* NotificationController.swift in Sources */ = {isa = PBXBuildFile; fileRef = 4671D33425C8EFBA00DE28CF /* NotificationController.swift */; };
		4671D33825C8EFDD00DE28CF /* ProfileController.swift in Sources */ = {isa = PBXBuildFile; fileRef = 4671D33725C8EFDD00DE28CF /* ProfileController.swift */; };
		4671D33B25C90F4400DE28CF /* FeedCell.swift in Sources */ = {isa = PBXBuildFile; fileRef = 4671D33A25C90F4400DE28CF /* FeedCell.swift */; };
		4671D33E25C90FDB00DE28CF /* Extensions.swift in Sources */ = {isa = PBXBuildFile; fileRef = 4671D33D25C90FDB00DE28CF /* Extensions.swift */; };
		4671D34725C9849200DE28CF /* LoginController.swift in Sources */ = {isa = PBXBuildFile; fileRef = 4671D34625C9849200DE28CF /* LoginController.swift */; };
		4671D34A25C984AC00DE28CF /* RegistrationController.swift in Sources */ = {isa = PBXBuildFile; fileRef = 4671D34925C984AC00DE28CF /* RegistrationController.swift */; };
		4698B69625D217FE00C36379 /* ImageUploader.swift in Sources */ = {isa = PBXBuildFile; fileRef = 4698B69525D217FE00C36379 /* ImageUploader.swift */; };
		4698B69925D2181100C36379 /* AuthService.swift in Sources */ = {isa = PBXBuildFile; fileRef = 4698B69825D2181100C36379 /* AuthService.swift */; };
		4698B69D25D2460B00C36379 /* ProfileCell.swift in Sources */ = {isa = PBXBuildFile; fileRef = 4698B69C25D2460B00C36379 /* ProfileCell.swift */; };
		4698B6A025D2461800C36379 /* ProfileHeader.swift in Sources */ = {isa = PBXBuildFile; fileRef = 4698B69F25D2461800C36379 /* ProfileHeader.swift */; };
		4698B6A325D25EB300C36379 /* UserService.swift in Sources */ = {isa = PBXBuildFile; fileRef = 4698B6A225D25EB300C36379 /* UserService.swift */; };
		4698B6A625D25EDB00C36379 /* Constaants.swift in Sources */ = {isa = PBXBuildFile; fileRef = 4698B6A525D25EDB00C36379 /* Constaants.swift */; };
		4698B6A925D25FFE00C36379 /* User.swift in Sources */ = {isa = PBXBuildFile; fileRef = 4698B6A825D25FFE00C36379 /* User.swift */; };
		4698B6AC25D26B6600C36379 /* ProfileHeaderViewModel.swift in Sources */ = {isa = PBXBuildFile; fileRef = 4698B6AB25D26B6600C36379 /* ProfileHeaderViewModel.swift */; };
		4698B6AF25D2BDA300C36379 /* UserCell.swift in Sources */ = {isa = PBXBuildFile; fileRef = 4698B6AE25D2BDA300C36379 /* UserCell.swift */; };
		4698B6B225D2D2E700C36379 /* UserCellViewModel.swift in Sources */ = {isa = PBXBuildFile; fileRef = 4698B6B125D2D2E700C36379 /* UserCellViewModel.swift */; };
		4698B6C325DA103F00C36379 /* UploadPostController.swift in Sources */ = {isa = PBXBuildFile; fileRef = 4698B6C225DA103F00C36379 /* UploadPostController.swift */; };
		4698B6C625DA156200C36379 /* InputTextView.swift in Sources */ = {isa = PBXBuildFile; fileRef = 4698B6C525DA156200C36379 /* InputTextView.swift */; };
		4698B6C925DA32A100C36379 /* PostService.swift in Sources */ = {isa = PBXBuildFile; fileRef = 4698B6C825DA32A100C36379 /* PostService.swift */; };
		4698B6CC25DA437F00C36379 /* Post.swift in Sources */ = {isa = PBXBuildFile; fileRef = 4698B6CB25DA437F00C36379 /* Post.swift */; };
		4698B6CF25DA490000C36379 /* PostViewModel.swift in Sources */ = {isa = PBXBuildFile; fileRef = 4698B6CE25DA490000C36379 /* PostViewModel.swift */; };
		4698B6D225DA888E00C36379 /* CommentController.swift in Sources */ = {isa = PBXBuildFile; fileRef = 4698B6D125DA888E00C36379 /* CommentController.swift */; };
		4698B6D525DA89BB00C36379 /* CommentCell.swift in Sources */ = {isa = PBXBuildFile; fileRef = 4698B6D425DA89BB00C36379 /* CommentCell.swift */; };
		4698B6D825DA952A00C36379 /* CommnetKeyboardView.swift in Sources */ = {isa = PBXBuildFile; fileRef = 4698B6D725DA952A00C36379 /* CommnetKeyboardView.swift */; };
		4698B6DB25DAA2E700C36379 /* CommentService.swift in Sources */ = {isa = PBXBuildFile; fileRef = 4698B6DA25DAA2E700C36379 /* CommentService.swift */; };
		4698B6DE25DAA84700C36379 /* Comment.swift in Sources */ = {isa = PBXBuildFile; fileRef = 4698B6DD25DAA84700C36379 /* Comment.swift */; };
		4698B6E125DB4F4500C36379 /* CommentViewModel.swift in Sources */ = {isa = PBXBuildFile; fileRef = 4698B6E025DB4F4500C36379 /* CommentViewModel.swift */; };
		4698B6E425DB95D400C36379 /* NotificationCell.swift in Sources */ = {isa = PBXBuildFile; fileRef = 4698B6E325DB95D400C36379 /* NotificationCell.swift */; };
		46ABF00825DBA4A200C840D1 /* Notification.swift in Sources */ = {isa = PBXBuildFile; fileRef = 46ABF00725DBA4A200C840D1 /* Notification.swift */; };
		46ABF00B25DBA9A300C840D1 /* NotificationService.swift in Sources */ = {isa = PBXBuildFile; fileRef = 46ABF00A25DBA9A300C840D1 /* NotificationService.swift */; };
		46ABF04C25DBB84700C840D1 /* NotificationViewModel.swift in Sources */ = {isa = PBXBuildFile; fileRef = 46ABF04B25DBB84700C840D1 /* NotificationViewModel.swift */; };
		46B3782E25D1440100763D00 /* CustomTextField.swift in Sources */ = {isa = PBXBuildFile; fileRef = 46B3782D25D1440100763D00 /* CustomTextField.swift */; };
		46B3783125D15DD300763D00 /* AuthenticationViewModel.swift in Sources */ = {isa = PBXBuildFile; fileRef = 46B3783025D15DD300763D00 /* AuthenticationViewModel.swift */; };
		46F6927025C1301B001AF02C /* AppDelegate.swift in Sources */ = {isa = PBXBuildFile; fileRef = 46F6926F25C1301B001AF02C /* AppDelegate.swift */; };
		46F6927225C1301B001AF02C /* SceneDelegate.swift in Sources */ = {isa = PBXBuildFile; fileRef = 46F6927125C1301B001AF02C /* SceneDelegate.swift */; };
		46F6927425C1301B001AF02C /* ViewController.swift in Sources */ = {isa = PBXBuildFile; fileRef = 46F6927325C1301B001AF02C /* ViewController.swift */; };
		46F6927725C1301C001AF02C /* Main.storyboard in Resources */ = {isa = PBXBuildFile; fileRef = 46F6927525C1301C001AF02C /* Main.storyboard */; };
		46F6927925C13021001AF02C /* Assets.xcassets in Resources */ = {isa = PBXBuildFile; fileRef = 46F6927825C13021001AF02C /* Assets.xcassets */; };
		46F6927C25C13021001AF02C /* LaunchScreen.storyboard in Resources */ = {isa = PBXBuildFile; fileRef = 46F6927A25C13021001AF02C /* LaunchScreen.storyboard */; };
		46F6928F25C131EF001AF02C /* MainTabController.swift in Sources */ = {isa = PBXBuildFile; fileRef = 46F6928E25C131EF001AF02C /* MainTabController.swift */; };
		DE8D578C3E0720F81DE5EEA9 /* Pods_instagramClone.framework in Frameworks */ = {isa = PBXBuildFile; fileRef = 2C01DF311179DB99B77A7553 /* Pods_instagramClone.framework */; };
/* End PBXBuildFile section */

/* Begin PBXFileReference section */
		12F0BC33C96F17D6C4424F2C /* Pods-instagramClone.debug.xcconfig */ = {isa = PBXFileReference; includeInIndex = 1; lastKnownFileType = text.xcconfig; name = "Pods-instagramClone.debug.xcconfig"; path = "Target Support Files/Pods-instagramClone/Pods-instagramClone.debug.xcconfig"; sourceTree = "<group>"; };
		2C01DF311179DB99B77A7553 /* Pods_instagramClone.framework */ = {isa = PBXFileReference; explicitFileType = wrapper.framework; includeInIndex = 0; path = Pods_instagramClone.framework; sourceTree = BUILT_PRODUCTS_DIR; };
		462C398525DCB4F5004C9AC4 /* ResetPasswordController.swift */ = {isa = PBXFileReference; lastKnownFileType = sourcecode.swift; path = ResetPasswordController.swift; sourceTree = "<group>"; };
		462C398825DD0075004C9AC4 /* instagramClone.entitlements */ = {isa = PBXFileReference; lastKnownFileType = text.plist.entitlements; path = instagramClone.entitlements; sourceTree = "<group>"; };
		466B918525DD321600B58CCA /* GoogleService-Info.plist */ = {isa = PBXFileReference; fileEncoding = 4; lastKnownFileType = text.plist.xml; path = "GoogleService-Info.plist"; sourceTree = "<group>"; };
		4671D32B25C8EF8400DE28CF /* FeedController.swift */ = {isa = PBXFileReference; lastKnownFileType = sourcecode.swift; path = FeedController.swift; sourceTree = "<group>"; };
		4671D32E25C8EF9400DE28CF /* SearchController.swift */ = {isa = PBXFileReference; lastKnownFileType = sourcecode.swift; path = SearchController.swift; sourceTree = "<group>"; };
		4671D33125C8EFA700DE28CF /* ImageSelectorController.swift */ = {isa = PBXFileReference; lastKnownFileType = sourcecode.swift; path = ImageSelectorController.swift; sourceTree = "<group>"; };
		4671D33425C8EFBA00DE28CF /* NotificationController.swift */ = {isa = PBXFileReference; lastKnownFileType = sourcecode.swift; path = NotificationController.swift; sourceTree = "<group>"; };
		4671D33725C8EFDD00DE28CF /* ProfileController.swift */ = {isa = PBXFileReference; lastKnownFileType = sourcecode.swift; path = ProfileController.swift; sourceTree = "<group>"; };
		4671D33A25C90F4400DE28CF /* FeedCell.swift */ = {isa = PBXFileReference; lastKnownFileType = sourcecode.swift; path = FeedCell.swift; sourceTree = "<group>"; };
		4671D33D25C90FDB00DE28CF /* Extensions.swift */ = {isa = PBXFileReference; lastKnownFileType = sourcecode.swift; path = Extensions.swift; sourceTree = "<group>"; };
		4671D34625C9849200DE28CF /* LoginController.swift */ = {isa = PBXFileReference; lastKnownFileType = sourcecode.swift; path = LoginController.swift; sourceTree = "<group>"; };
		4671D34925C984AC00DE28CF /* RegistrationController.swift */ = {isa = PBXFileReference; lastKnownFileType = sourcecode.swift; path = RegistrationController.swift; sourceTree = "<group>"; };
		4698B69525D217FE00C36379 /* ImageUploader.swift */ = {isa = PBXFileReference; lastKnownFileType = sourcecode.swift; path = ImageUploader.swift; sourceTree = "<group>"; };
		4698B69825D2181100C36379 /* AuthService.swift */ = {isa = PBXFileReference; lastKnownFileType = sourcecode.swift; path = AuthService.swift; sourceTree = "<group>"; };
		4698B69C25D2460B00C36379 /* ProfileCell.swift */ = {isa = PBXFileReference; lastKnownFileType = sourcecode.swift; path = ProfileCell.swift; sourceTree = "<group>"; };
		4698B69F25D2461800C36379 /* ProfileHeader.swift */ = {isa = PBXFileReference; lastKnownFileType = sourcecode.swift; path = ProfileHeader.swift; sourceTree = "<group>"; };
		4698B6A225D25EB300C36379 /* UserService.swift */ = {isa = PBXFileReference; lastKnownFileType = sourcecode.swift; path = UserService.swift; sourceTree = "<group>"; };
		4698B6A525D25EDB00C36379 /* Constaants.swift */ = {isa = PBXFileReference; lastKnownFileType = sourcecode.swift; path = Constaants.swift; sourceTree = "<group>"; };
		4698B6A825D25FFE00C36379 /* User.swift */ = {isa = PBXFileReference; lastKnownFileType = sourcecode.swift; path = User.swift; sourceTree = "<group>"; };
		4698B6AB25D26B6600C36379 /* ProfileHeaderViewModel.swift */ = {isa = PBXFileReference; lastKnownFileType = sourcecode.swift; path = ProfileHeaderViewModel.swift; sourceTree = "<group>"; };
		4698B6AE25D2BDA300C36379 /* UserCell.swift */ = {isa = PBXFileReference; lastKnownFileType = sourcecode.swift; path = UserCell.swift; sourceTree = "<group>"; };
		4698B6B125D2D2E700C36379 /* UserCellViewModel.swift */ = {isa = PBXFileReference; lastKnownFileType = sourcecode.swift; path = UserCellViewModel.swift; sourceTree = "<group>"; };
		4698B6C225DA103F00C36379 /* UploadPostController.swift */ = {isa = PBXFileReference; lastKnownFileType = sourcecode.swift; path = UploadPostController.swift; sourceTree = "<group>"; };
		4698B6C525DA156200C36379 /* InputTextView.swift */ = {isa = PBXFileReference; lastKnownFileType = sourcecode.swift; path = InputTextView.swift; sourceTree = "<group>"; };
		4698B6C825DA32A100C36379 /* PostService.swift */ = {isa = PBXFileReference; lastKnownFileType = sourcecode.swift; path = PostService.swift; sourceTree = "<group>"; };
		4698B6CB25DA437F00C36379 /* Post.swift */ = {isa = PBXFileReference; lastKnownFileType = sourcecode.swift; path = Post.swift; sourceTree = "<group>"; };
		4698B6CE25DA490000C36379 /* PostViewModel.swift */ = {isa = PBXFileReference; lastKnownFileType = sourcecode.swift; path = PostViewModel.swift; sourceTree = "<group>"; };
		4698B6D125DA888E00C36379 /* CommentController.swift */ = {isa = PBXFileReference; lastKnownFileType = sourcecode.swift; path = CommentController.swift; sourceTree = "<group>"; };
		4698B6D425DA89BB00C36379 /* CommentCell.swift */ = {isa = PBXFileReference; lastKnownFileType = sourcecode.swift; path = CommentCell.swift; sourceTree = "<group>"; };
		4698B6D725DA952A00C36379 /* CommnetKeyboardView.swift */ = {isa = PBXFileReference; lastKnownFileType = sourcecode.swift; path = CommnetKeyboardView.swift; sourceTree = "<group>"; };
		4698B6DA25DAA2E700C36379 /* CommentService.swift */ = {isa = PBXFileReference; lastKnownFileType = sourcecode.swift; path = CommentService.swift; sourceTree = "<group>"; };
		4698B6DD25DAA84700C36379 /* Comment.swift */ = {isa = PBXFileReference; lastKnownFileType = sourcecode.swift; path = Comment.swift; sourceTree = "<group>"; };
		4698B6E025DB4F4500C36379 /* CommentViewModel.swift */ = {isa = PBXFileReference; lastKnownFileType = sourcecode.swift; path = CommentViewModel.swift; sourceTree = "<group>"; };
		4698B6E325DB95D400C36379 /* NotificationCell.swift */ = {isa = PBXFileReference; lastKnownFileType = sourcecode.swift; path = NotificationCell.swift; sourceTree = "<group>"; };
		46ABF00725DBA4A200C840D1 /* Notification.swift */ = {isa = PBXFileReference; lastKnownFileType = sourcecode.swift; path = Notification.swift; sourceTree = "<group>"; };
		46ABF00A25DBA9A300C840D1 /* NotificationService.swift */ = {isa = PBXFileReference; lastKnownFileType = sourcecode.swift; path = NotificationService.swift; sourceTree = "<group>"; };
		46ABF04B25DBB84700C840D1 /* NotificationViewModel.swift */ = {isa = PBXFileReference; lastKnownFileType = sourcecode.swift; path = NotificationViewModel.swift; sourceTree = "<group>"; };
		46B3782D25D1440100763D00 /* CustomTextField.swift */ = {isa = PBXFileReference; lastKnownFileType = sourcecode.swift; path = CustomTextField.swift; sourceTree = "<group>"; };
		46B3783025D15DD300763D00 /* AuthenticationViewModel.swift */ = {isa = PBXFileReference; lastKnownFileType = sourcecode.swift; path = AuthenticationViewModel.swift; sourceTree = "<group>"; };
		46F6926C25C1301B001AF02C /* instagramClone.app */ = {isa = PBXFileReference; explicitFileType = wrapper.application; includeInIndex = 0; path = instagramClone.app; sourceTree = BUILT_PRODUCTS_DIR; };
		46F6926F25C1301B001AF02C /* AppDelegate.swift */ = {isa = PBXFileReference; lastKnownFileType = sourcecode.swift; path = AppDelegate.swift; sourceTree = "<group>"; };
		46F6927125C1301B001AF02C /* SceneDelegate.swift */ = {isa = PBXFileReference; lastKnownFileType = sourcecode.swift; path = SceneDelegate.swift; sourceTree = "<group>"; };
		46F6927325C1301B001AF02C /* ViewController.swift */ = {isa = PBXFileReference; lastKnownFileType = sourcecode.swift; path = ViewController.swift; sourceTree = "<group>"; };
		46F6927625C1301C001AF02C /* Base */ = {isa = PBXFileReference; lastKnownFileType = file.storyboard; name = Base; path = Base.lproj/Main.storyboard; sourceTree = "<group>"; };
		46F6927825C13021001AF02C /* Assets.xcassets */ = {isa = PBXFileReference; lastKnownFileType = folder.assetcatalog; path = Assets.xcassets; sourceTree = "<group>"; };
		46F6927B25C13021001AF02C /* Base */ = {isa = PBXFileReference; lastKnownFileType = file.storyboard; name = Base; path = Base.lproj/LaunchScreen.storyboard; sourceTree = "<group>"; };
		46F6927D25C13021001AF02C /* Info.plist */ = {isa = PBXFileReference; lastKnownFileType = text.plist.xml; path = Info.plist; sourceTree = "<group>"; };
		46F6928E25C131EF001AF02C /* MainTabController.swift */ = {isa = PBXFileReference; lastKnownFileType = sourcecode.swift; path = MainTabController.swift; sourceTree = "<group>"; };
		572DEA851AF212CD624E3AB7 /* Pods-instagramClone.release.xcconfig */ = {isa = PBXFileReference; includeInIndex = 1; lastKnownFileType = text.xcconfig; name = "Pods-instagramClone.release.xcconfig"; path = "Target Support Files/Pods-instagramClone/Pods-instagramClone.release.xcconfig"; sourceTree = "<group>"; };
/* End PBXFileReference section */

/* Begin PBXFrameworksBuildPhase section */
		46F6926925C1301B001AF02C /* Frameworks */ = {
			isa = PBXFrameworksBuildPhase;
			buildActionMask = 2147483647;
			files = (
				DE8D578C3E0720F81DE5EEA9 /* Pods_instagramClone.framework in Frameworks */,
			);
			runOnlyForDeploymentPostprocessing = 0;
		};
/* End PBXFrameworksBuildPhase section */

/* Begin PBXGroup section */
		4671D34525C97F3A00DE28CF /* Authentication */ = {
			isa = PBXGroup;
			children = (
				4671D34625C9849200DE28CF /* LoginController.swift */,
				4671D34925C984AC00DE28CF /* RegistrationController.swift */,
				462C398525DCB4F5004C9AC4 /* ResetPasswordController.swift */,
			);
			path = Authentication;
			sourceTree = "<group>";
		};
		4698B69B25D245FA00C36379 /* Profile */ = {
			isa = PBXGroup;
			children = (
				4698B69C25D2460B00C36379 /* ProfileCell.swift */,
				4698B69F25D2461800C36379 /* ProfileHeader.swift */,
			);
			path = Profile;
			sourceTree = "<group>";
		};
		46F6926325C1301B001AF02C = {
			isa = PBXGroup;
			children = (
				46F6926E25C1301B001AF02C /* instagramClone */,
				46F6926D25C1301B001AF02C /* Products */,
				BB7B2F4EC70C0147A4A6FEA7 /* Pods */,
				A834D3447BEAC309092BD5E2 /* Frameworks */,
			);
			sourceTree = "<group>";
		};
		46F6926D25C1301B001AF02C /* Products */ = {
			isa = PBXGroup;
			children = (
				46F6926C25C1301B001AF02C /* instagramClone.app */,
			);
			name = Products;
			sourceTree = "<group>";
		};
		46F6926E25C1301B001AF02C /* instagramClone */ = {
			isa = PBXGroup;
			children = (
				462C398825DD0075004C9AC4 /* instagramClone.entitlements */,
				46F6928B25C13138001AF02C /* Model */,
				46F6928A25C13136001AF02C /* View */,
				46F6928825C1312C001AF02C /* ViewModel */,
				46F6928525C13120001AF02C /* Controller */,
				46F6928425C130F9001AF02C /* Utils */,
				46F6928C25C13178001AF02C /* API */,
				46F6926F25C1301B001AF02C /* AppDelegate.swift */,
				46F6927125C1301B001AF02C /* SceneDelegate.swift */,
				46F6927325C1301B001AF02C /* ViewController.swift */,
				46F6927525C1301C001AF02C /* Main.storyboard */,
				46F6927825C13021001AF02C /* Assets.xcassets */,
				46F6927A25C13021001AF02C /* LaunchScreen.storyboard */,
				46F6927D25C13021001AF02C /* Info.plist */,
				466B918525DD321600B58CCA /* GoogleService-Info.plist */,
			);
			path = instagramClone;
			sourceTree = "<group>";
		};
		46F6928425C130F9001AF02C /* Utils */ = {
			isa = PBXGroup;
			children = (
				4671D33D25C90FDB00DE28CF /* Extensions.swift */,
				4698B6A525D25EDB00C36379 /* Constaants.swift */,
				4698B6C525DA156200C36379 /* InputTextView.swift */,
			);
			path = Utils;
			sourceTree = "<group>";
		};
		46F6928525C13120001AF02C /* Controller */ = {
			isa = PBXGroup;
			children = (
				4671D34525C97F3A00DE28CF /* Authentication */,
				46F6928E25C131EF001AF02C /* MainTabController.swift */,
				4671D32B25C8EF8400DE28CF /* FeedController.swift */,
				4671D32E25C8EF9400DE28CF /* SearchController.swift */,
				4671D33125C8EFA700DE28CF /* ImageSelectorController.swift */,
				4698B6C225DA103F00C36379 /* UploadPostController.swift */,
				4671D33725C8EFDD00DE28CF /* ProfileController.swift */,
				4698B6D125DA888E00C36379 /* CommentController.swift */,
				4671D33425C8EFBA00DE28CF /* NotificationController.swift */,
			);
			path = Controller;
			sourceTree = "<group>";
		};
		46F6928825C1312C001AF02C /* ViewModel */ = {
			isa = PBXGroup;
			children = (
				46B3783025D15DD300763D00 /* AuthenticationViewModel.swift */,
				4698B6AB25D26B6600C36379 /* ProfileHeaderViewModel.swift */,
				4698B6B125D2D2E700C36379 /* UserCellViewModel.swift */,
				4698B6CE25DA490000C36379 /* PostViewModel.swift */,
				4698B6E025DB4F4500C36379 /* CommentViewModel.swift */,
				46ABF04B25DBB84700C840D1 /* NotificationViewModel.swift */,
			);
			path = ViewModel;
			sourceTree = "<group>";
		};
		46F6928A25C13136001AF02C /* View */ = {
			isa = PBXGroup;
			children = (
				4698B69B25D245FA00C36379 /* Profile */,
				4671D33A25C90F4400DE28CF /* FeedCell.swift */,
				46B3782D25D1440100763D00 /* CustomTextField.swift */,
				4698B6AE25D2BDA300C36379 /* UserCell.swift */,
				4698B6D425DA89BB00C36379 /* CommentCell.swift */,
				4698B6D725DA952A00C36379 /* CommnetKeyboardView.swift */,
				4698B6E325DB95D400C36379 /* NotificationCell.swift */,
			);
			path = View;
			sourceTree = "<group>";
		};
		46F6928B25C13138001AF02C /* Model */ = {
			isa = PBXGroup;
			children = (
				4698B6A825D25FFE00C36379 /* User.swift */,
				4698B6CB25DA437F00C36379 /* Post.swift */,
				4698B6DD25DAA84700C36379 /* Comment.swift */,
				46ABF00725DBA4A200C840D1 /* Notification.swift */,
			);
			path = Model;
			sourceTree = "<group>";
		};
		46F6928C25C13178001AF02C /* API */ = {
			isa = PBXGroup;
			children = (
				4698B69525D217FE00C36379 /* ImageUploader.swift */,
				4698B69825D2181100C36379 /* AuthService.swift */,
				4698B6A225D25EB300C36379 /* UserService.swift */,
				4698B6C825DA32A100C36379 /* PostService.swift */,
				4698B6DA25DAA2E700C36379 /* CommentService.swift */,
				46ABF00A25DBA9A300C840D1 /* NotificationService.swift */,
			);
			path = API;
			sourceTree = "<group>";
		};
		A834D3447BEAC309092BD5E2 /* Frameworks */ = {
			isa = PBXGroup;
			children = (
				2C01DF311179DB99B77A7553 /* Pods_instagramClone.framework */,
			);
			name = Frameworks;
			sourceTree = "<group>";
		};
		BB7B2F4EC70C0147A4A6FEA7 /* Pods */ = {
			isa = PBXGroup;
			children = (
				12F0BC33C96F17D6C4424F2C /* Pods-instagramClone.debug.xcconfig */,
				572DEA851AF212CD624E3AB7 /* Pods-instagramClone.release.xcconfig */,
			);
			path = Pods;
			sourceTree = "<group>";
		};
/* End PBXGroup section */

/* Begin PBXNativeTarget section */
		46F6926B25C1301B001AF02C /* instagramClone */ = {
			isa = PBXNativeTarget;
			buildConfigurationList = 46F6928025C13021001AF02C /* Build configuration list for PBXNativeTarget "instagramClone" */;
			buildPhases = (
				90C64DE79C1697A33FCD82AE /* [CP] Check Pods Manifest.lock */,
				46F6926825C1301B001AF02C /* Sources */,
				46F6926925C1301B001AF02C /* Frameworks */,
				46F6926A25C1301B001AF02C /* Resources */,
				27EDACF1B62CC33142889E0F /* [CP] Embed Pods Frameworks */,
				9119C5D18FE056B77C7E30D0 /* [CP] Copy Pods Resources */,
			);
			buildRules = (
			);
			dependencies = (
			);
			name = instagramClone;
			productName = instagramClone;
			productReference = 46F6926C25C1301B001AF02C /* instagramClone.app */;
			productType = "com.apple.product-type.application";
		};
/* End PBXNativeTarget section */

/* Begin PBXProject section */
		46F6926425C1301B001AF02C /* Project object */ = {
			isa = PBXProject;
			attributes = {
				LastSwiftUpdateCheck = 1220;
				LastUpgradeCheck = 1220;
				TargetAttributes = {
					46F6926B25C1301B001AF02C = {
						CreatedOnToolsVersion = 12.2;
					};
				};
			};
			buildConfigurationList = 46F6926725C1301B001AF02C /* Build configuration list for PBXProject "instagramClone" */;
			compatibilityVersion = "Xcode 9.3";
			developmentRegion = en;
			hasScannedForEncodings = 0;
			knownRegions = (
				en,
				Base,
			);
			mainGroup = 46F6926325C1301B001AF02C;
			productRefGroup = 46F6926D25C1301B001AF02C /* Products */;
			projectDirPath = "";
			projectRoot = "";
			targets = (
				46F6926B25C1301B001AF02C /* instagramClone */,
			);
		};
/* End PBXProject section */

/* Begin PBXResourcesBuildPhase section */
		46F6926A25C1301B001AF02C /* Resources */ = {
			isa = PBXResourcesBuildPhase;
			buildActionMask = 2147483647;
			files = (
				46F6927C25C13021001AF02C /* LaunchScreen.storyboard in Resources */,
				46F6927925C13021001AF02C /* Assets.xcassets in Resources */,
				46F6927725C1301C001AF02C /* Main.storyboard in Resources */,
				466B918625DD321600B58CCA /* GoogleService-Info.plist in Resources */,
			);
			runOnlyForDeploymentPostprocessing = 0;
		};
/* End PBXResourcesBuildPhase section */

/* Begin PBXShellScriptBuildPhase section */
		27EDACF1B62CC33142889E0F /* [CP] Embed Pods Frameworks */ = {
			isa = PBXShellScriptBuildPhase;
			buildActionMask = 2147483647;
			files = (
			);
			inputFileListPaths = (
				"${PODS_ROOT}/Target Support Files/Pods-instagramClone/Pods-instagramClone-frameworks-${CONFIGURATION}-input-files.xcfilelist",
			);
			name = "[CP] Embed Pods Frameworks";
			outputFileListPaths = (
				"${PODS_ROOT}/Target Support Files/Pods-instagramClone/Pods-instagramClone-frameworks-${CONFIGURATION}-output-files.xcfilelist",
			);
			runOnlyForDeploymentPostprocessing = 0;
			shellPath = /bin/sh;
			shellScript = "\"${PODS_ROOT}/Target Support Files/Pods-instagramClone/Pods-instagramClone-frameworks.sh\"\n";
			showEnvVarsInLog = 0;
		};
		90C64DE79C1697A33FCD82AE /* [CP] Check Pods Manifest.lock */ = {
			isa = PBXShellScriptBuildPhase;
			buildActionMask = 2147483647;
			files = (
			);
			inputFileListPaths = (
			);
			inputPaths = (
				"${PODS_PODFILE_DIR_PATH}/Podfile.lock",
				"${PODS_ROOT}/Manifest.lock",
			);
			name = "[CP] Check Pods Manifest.lock";
			outputFileListPaths = (
			);
			outputPaths = (
				"$(DERIVED_FILE_DIR)/Pods-instagramClone-checkManifestLockResult.txt",
			);
			runOnlyForDeploymentPostprocessing = 0;
			shellPath = /bin/sh;
			shellScript = "diff \"${PODS_PODFILE_DIR_PATH}/Podfile.lock\" \"${PODS_ROOT}/Manifest.lock\" > /dev/null\nif [ $? != 0 ] ; then\n    # print error to STDERR\n    echo \"error: The sandbox is not in sync with the Podfile.lock. Run 'pod install' or update your CocoaPods installation.\" >&2\n    exit 1\nfi\n# This output is used by Xcode 'outputs' to avoid re-running this script phase.\necho \"SUCCESS\" > \"${SCRIPT_OUTPUT_FILE_0}\"\n";
			showEnvVarsInLog = 0;
		};
		9119C5D18FE056B77C7E30D0 /* [CP] Copy Pods Resources */ = {
			isa = PBXShellScriptBuildPhase;
			buildActionMask = 2147483647;
			files = (
			);
			inputFileListPaths = (
				"${PODS_ROOT}/Target Support Files/Pods-instagramClone/Pods-instagramClone-resources-${CONFIGURATION}-input-files.xcfilelist",
			);
			name = "[CP] Copy Pods Resources";
			outputFileListPaths = (
				"${PODS_ROOT}/Target Support Files/Pods-instagramClone/Pods-instagramClone-resources-${CONFIGURATION}-output-files.xcfilelist",
			);
			runOnlyForDeploymentPostprocessing = 0;
			shellPath = /bin/sh;
			shellScript = "\"${PODS_ROOT}/Target Support Files/Pods-instagramClone/Pods-instagramClone-resources.sh\"\n";
			showEnvVarsInLog = 0;
		};
/* End PBXShellScriptBuildPhase section */

/* Begin PBXSourcesBuildPhase section */
		46F6926825C1301B001AF02C /* Sources */ = {
			isa = PBXSourcesBuildPhase;
			buildActionMask = 2147483647;
			files = (
				4698B6E125DB4F4500C36379 /* CommentViewModel.swift in Sources */,
				46ABF04C25DBB84700C840D1 /* NotificationViewModel.swift in Sources */,
				4698B6CF25DA490000C36379 /* PostViewModel.swift in Sources */,
				46B3782E25D1440100763D00 /* CustomTextField.swift in Sources */,
				4698B6A025D2461800C36379 /* ProfileHeader.swift in Sources */,
				4698B6D225DA888E00C36379 /* CommentController.swift in Sources */,
				4698B6C325DA103F00C36379 /* UploadPostController.swift in Sources */,
				46F6927425C1301B001AF02C /* ViewController.swift in Sources */,
				4671D34725C9849200DE28CF /* LoginController.swift in Sources */,
				4671D33B25C90F4400DE28CF /* FeedCell.swift in Sources */,
				4671D33225C8EFA700DE28CF /* ImageSelectorController.swift in Sources */,
				4698B6DB25DAA2E700C36379 /* CommentService.swift in Sources */,
				4698B6DE25DAA84700C36379 /* Comment.swift in Sources */,
				46ABF00825DBA4A200C840D1 /* Notification.swift in Sources */,
				4671D33525C8EFBA00DE28CF /* NotificationController.swift in Sources */,
				4671D32F25C8EF9400DE28CF /* SearchController.swift in Sources */,
				4698B6AF25D2BDA300C36379 /* UserCell.swift in Sources */,
				46F6927025C1301B001AF02C /* AppDelegate.swift in Sources */,
				46B3783125D15DD300763D00 /* AuthenticationViewModel.swift in Sources */,
				4698B6A925D25FFE00C36379 /* User.swift in Sources */,
				4671D33825C8EFDD00DE28CF /* ProfileController.swift in Sources */,
				4698B6AC25D26B6600C36379 /* ProfileHeaderViewModel.swift in Sources */,
				4698B6C625DA156200C36379 /* InputTextView.swift in Sources */,
				4698B6A625D25EDB00C36379 /* Constaants.swift in Sources */,
				462C398625DCB4F5004C9AC4 /* ResetPasswordController.swift in Sources */,
				4671D32C25C8EF8400DE28CF /* FeedController.swift in Sources */,
				4698B6B225D2D2E700C36379 /* UserCellViewModel.swift in Sources */,
				46F6928F25C131EF001AF02C /* MainTabController.swift in Sources */,
				4698B6D825DA952A00C36379 /* CommnetKeyboardView.swift in Sources */,
				4671D33E25C90FDB00DE28CF /* Extensions.swift in Sources */,
				46ABF00B25DBA9A300C840D1 /* NotificationService.swift in Sources */,
				4698B69625D217FE00C36379 /* ImageUploader.swift in Sources */,
				4698B6CC25DA437F00C36379 /* Post.swift in Sources */,
				4698B69925D2181100C36379 /* AuthService.swift in Sources */,
				4698B6C925DA32A100C36379 /* PostService.swift in Sources */,
				4698B6A325D25EB300C36379 /* UserService.swift in Sources */,
				4698B69D25D2460B00C36379 /* ProfileCell.swift in Sources */,
				46F6927225C1301B001AF02C /* SceneDelegate.swift in Sources */,
				4698B6E425DB95D400C36379 /* NotificationCell.swift in Sources */,
				4671D34A25C984AC00DE28CF /* RegistrationController.swift in Sources */,
				4698B6D525DA89BB00C36379 /* CommentCell.swift in Sources */,
			);
			runOnlyForDeploymentPostprocessing = 0;
		};
/* End PBXSourcesBuildPhase section */

/* Begin PBXVariantGroup section */
		46F6927525C1301C001AF02C /* Main.storyboard */ = {
			isa = PBXVariantGroup;
			children = (
				46F6927625C1301C001AF02C /* Base */,
			);
			name = Main.storyboard;
			sourceTree = "<group>";
		};
		46F6927A25C13021001AF02C /* LaunchScreen.storyboard */ = {
			isa = PBXVariantGroup;
			children = (
				46F6927B25C13021001AF02C /* Base */,
			);
			name = LaunchScreen.storyboard;
			sourceTree = "<group>";
		};
/* End PBXVariantGroup section */

/* Begin XCBuildConfiguration section */
		46F6927E25C13021001AF02C /* Debug */ = {
			isa = XCBuildConfiguration;
			buildSettings = {
				ALWAYS_SEARCH_USER_PATHS = NO;
				CLANG_ANALYZER_NONNULL = YES;
				CLANG_ANALYZER_NUMBER_OBJECT_CONVERSION = YES_AGGRESSIVE;
				CLANG_CXX_LANGUAGE_STANDARD = "gnu++14";
				CLANG_CXX_LIBRARY = "libc++";
				CLANG_ENABLE_MODULES = YES;
				CLANG_ENABLE_OBJC_ARC = YES;
				CLANG_ENABLE_OBJC_WEAK = YES;
				CLANG_WARN_BLOCK_CAPTURE_AUTORELEASING = YES;
				CLANG_WARN_BOOL_CONVERSION = YES;
				CLANG_WARN_COMMA = YES;
				CLANG_WARN_CONSTANT_CONVERSION = YES;
				CLANG_WARN_DEPRECATED_OBJC_IMPLEMENTATIONS = YES;
				CLANG_WARN_DIRECT_OBJC_ISA_USAGE = YES_ERROR;
				CLANG_WARN_DOCUMENTATION_COMMENTS = YES;
				CLANG_WARN_EMPTY_BODY = YES;
				CLANG_WARN_ENUM_CONVERSION = YES;
				CLANG_WARN_INFINITE_RECURSION = YES;
				CLANG_WARN_INT_CONVERSION = YES;
				CLANG_WARN_NON_LITERAL_NULL_CONVERSION = YES;
				CLANG_WARN_OBJC_IMPLICIT_RETAIN_SELF = YES;
				CLANG_WARN_OBJC_LITERAL_CONVERSION = YES;
				CLANG_WARN_OBJC_ROOT_CLASS = YES_ERROR;
				CLANG_WARN_QUOTED_INCLUDE_IN_FRAMEWORK_HEADER = YES;
				CLANG_WARN_RANGE_LOOP_ANALYSIS = YES;
				CLANG_WARN_STRICT_PROTOTYPES = YES;
				CLANG_WARN_SUSPICIOUS_MOVE = YES;
				CLANG_WARN_UNGUARDED_AVAILABILITY = YES_AGGRESSIVE;
				CLANG_WARN_UNREACHABLE_CODE = YES;
				CLANG_WARN__DUPLICATE_METHOD_MATCH = YES;
				COPY_PHASE_STRIP = NO;
				DEBUG_INFORMATION_FORMAT = dwarf;
				ENABLE_STRICT_OBJC_MSGSEND = YES;
				ENABLE_TESTABILITY = YES;
				GCC_C_LANGUAGE_STANDARD = gnu11;
				GCC_DYNAMIC_NO_PIC = NO;
				GCC_NO_COMMON_BLOCKS = YES;
				GCC_OPTIMIZATION_LEVEL = 0;
				GCC_PREPROCESSOR_DEFINITIONS = (
					"DEBUG=1",
					"$(inherited)",
				);
				GCC_WARN_64_TO_32_BIT_CONVERSION = YES;
				GCC_WARN_ABOUT_RETURN_TYPE = YES_ERROR;
				GCC_WARN_UNDECLARED_SELECTOR = YES;
				GCC_WARN_UNINITIALIZED_AUTOS = YES_AGGRESSIVE;
				GCC_WARN_UNUSED_FUNCTION = YES;
				GCC_WARN_UNUSED_VARIABLE = YES;
				IPHONEOS_DEPLOYMENT_TARGET = 14.2;
				MTL_ENABLE_DEBUG_INFO = INCLUDE_SOURCE;
				MTL_FAST_MATH = YES;
				ONLY_ACTIVE_ARCH = YES;
				SDKROOT = iphoneos;
				SWIFT_ACTIVE_COMPILATION_CONDITIONS = DEBUG;
				SWIFT_OPTIMIZATION_LEVEL = "-Onone";
			};
			name = Debug;
		};
		46F6927F25C13021001AF02C /* Release */ = {
			isa = XCBuildConfiguration;
			buildSettings = {
				ALWAYS_SEARCH_USER_PATHS = NO;
				CLANG_ANALYZER_NONNULL = YES;
				CLANG_ANALYZER_NUMBER_OBJECT_CONVERSION = YES_AGGRESSIVE;
				CLANG_CXX_LANGUAGE_STANDARD = "gnu++14";
				CLANG_CXX_LIBRARY = "libc++";
				CLANG_ENABLE_MODULES = YES;
				CLANG_ENABLE_OBJC_ARC = YES;
				CLANG_ENABLE_OBJC_WEAK = YES;
				CLANG_WARN_BLOCK_CAPTURE_AUTORELEASING = YES;
				CLANG_WARN_BOOL_CONVERSION = YES;
				CLANG_WARN_COMMA = YES;
				CLANG_WARN_CONSTANT_CONVERSION = YES;
				CLANG_WARN_DEPRECATED_OBJC_IMPLEMENTATIONS = YES;
				CLANG_WARN_DIRECT_OBJC_ISA_USAGE = YES_ERROR;
				CLANG_WARN_DOCUMENTATION_COMMENTS = YES;
				CLANG_WARN_EMPTY_BODY = YES;
				CLANG_WARN_ENUM_CONVERSION = YES;
				CLANG_WARN_INFINITE_RECURSION = YES;
				CLANG_WARN_INT_CONVERSION = YES;
				CLANG_WARN_NON_LITERAL_NULL_CONVERSION = YES;
				CLANG_WARN_OBJC_IMPLICIT_RETAIN_SELF = YES;
				CLANG_WARN_OBJC_LITERAL_CONVERSION = YES;
				CLANG_WARN_OBJC_ROOT_CLASS = YES_ERROR;
				CLANG_WARN_QUOTED_INCLUDE_IN_FRAMEWORK_HEADER = YES;
				CLANG_WARN_RANGE_LOOP_ANALYSIS = YES;
				CLANG_WARN_STRICT_PROTOTYPES = YES;
				CLANG_WARN_SUSPICIOUS_MOVE = YES;
				CLANG_WARN_UNGUARDED_AVAILABILITY = YES_AGGRESSIVE;
				CLANG_WARN_UNREACHABLE_CODE = YES;
				CLANG_WARN__DUPLICATE_METHOD_MATCH = YES;
				COPY_PHASE_STRIP = NO;
				DEBUG_INFORMATION_FORMAT = "dwarf-with-dsym";
				ENABLE_NS_ASSERTIONS = NO;
				ENABLE_STRICT_OBJC_MSGSEND = YES;
				GCC_C_LANGUAGE_STANDARD = gnu11;
				GCC_NO_COMMON_BLOCKS = YES;
				GCC_WARN_64_TO_32_BIT_CONVERSION = YES;
				GCC_WARN_ABOUT_RETURN_TYPE = YES_ERROR;
				GCC_WARN_UNDECLARED_SELECTOR = YES;
				GCC_WARN_UNINITIALIZED_AUTOS = YES_AGGRESSIVE;
				GCC_WARN_UNUSED_FUNCTION = YES;
				GCC_WARN_UNUSED_VARIABLE = YES;
				IPHONEOS_DEPLOYMENT_TARGET = 14.2;
				MTL_ENABLE_DEBUG_INFO = NO;
				MTL_FAST_MATH = YES;
				SDKROOT = iphoneos;
				SWIFT_COMPILATION_MODE = wholemodule;
				SWIFT_OPTIMIZATION_LEVEL = "-O";
				VALIDATE_PRODUCT = YES;
			};
			name = Release;
		};
		46F6928125C13021001AF02C /* Debug */ = {
			isa = XCBuildConfiguration;
			baseConfigurationReference = 12F0BC33C96F17D6C4424F2C /* Pods-instagramClone.debug.xcconfig */;
			buildSettings = {
				ASSETCATALOG_COMPILER_APPICON_NAME = AppIcon;
				ASSETCATALOG_COMPILER_GLOBAL_ACCENT_COLOR_NAME = AccentColor;
				CODE_SIGN_ENTITLEMENTS = instagramClone/instagramClone.entitlements;
				CODE_SIGN_STYLE = Automatic;
				DEVELOPMENT_TEAM = TR28HNY8VK;
				INFOPLIST_FILE = instagramClone/Info.plist;
				LD_RUNPATH_SEARCH_PATHS = (
					"$(inherited)",
					"@executable_path/Frameworks",
				);
				PRODUCT_BUNDLE_IDENTIFIER = "dev-geeyong.instagramClone.test";
				PRODUCT_NAME = "$(TARGET_NAME)";
				SWIFT_VERSION = 5.0;
				TARGETED_DEVICE_FAMILY = 1;
			};
			name = Debug;
		};
		46F6928225C13021001AF02C /* Release */ = {
			isa = XCBuildConfiguration;
			baseConfigurationReference = 572DEA851AF212CD624E3AB7 /* Pods-instagramClone.release.xcconfig */;
			buildSettings = {
				ASSETCATALOG_COMPILER_APPICON_NAME = AppIcon;
				ASSETCATALOG_COMPILER_GLOBAL_ACCENT_COLOR_NAME = AccentColor;
				CODE_SIGN_ENTITLEMENTS = instagramClone/instagramClone.entitlements;
				CODE_SIGN_STYLE = Automatic;
				DEVELOPMENT_TEAM = TR28HNY8VK;
				INFOPLIST_FILE = instagramClone/Info.plist;
				LD_RUNPATH_SEARCH_PATHS = (
					"$(inherited)",
					"@executable_path/Frameworks",
				);
				PRODUCT_BUNDLE_IDENTIFIER = "dev-geeyong.instagramClone.test";
				PRODUCT_NAME = "$(TARGET_NAME)";
				SWIFT_VERSION = 5.0;
				TARGETED_DEVICE_FAMILY = 1;
			};
			name = Release;
		};
/* End XCBuildConfiguration section */

/* Begin XCConfigurationList section */
		46F6926725C1301B001AF02C /* Build configuration list for PBXProject "instagramClone" */ = {
			isa = XCConfigurationList;
			buildConfigurations = (
				46F6927E25C13021001AF02C /* Debug */,
				46F6927F25C13021001AF02C /* Release */,
			);
			defaultConfigurationIsVisible = 0;
			defaultConfigurationName = Release;
		};
		46F6928025C13021001AF02C /* Build configuration list for PBXNativeTarget "instagramClone" */ = {
			isa = XCConfigurationList;
			buildConfigurations = (
				46F6928125C13021001AF02C /* Debug */,
				46F6928225C13021001AF02C /* Release */,
			);
			defaultConfigurationIsVisible = 0;
			defaultConfigurationName = Release;
		};
/* End XCConfigurationList section */
	};
	rootObject = 46F6926425C1301B001AF02C /* Project object */;
}
